
Microsoft Visual Studio Solution File, Format Version 12.00
# Visual Studio Version 17
VisualStudioVersion = 17.3.32505.426
MinimumVisualStudioVersion = 10.0.40219.1
Project("{9A19103F-16F7-4668-BE54-9A1E7A4F7556}") = "WordHexGame", "WordHexGame.csproj", "{6BCEDAE7-3A5E-4522-9148-642A3F240474}"
EndProject
Global
	GlobalSection(SolutionConfigurationPlatforms) = preSolution
		Debug|Any CPU = Debug|Any CPU
		Release|Any CPU = Release|Any CPU
	EndGlobalSection
	GlobalSection(ProjectConfigurationPlatforms) = postSolution
		{6BCEDAE7-3A5E-4522-9148-642A3F240474}.Debug|Any CPU.ActiveCfg = Debug|Any CPU
		{6BCEDAE7-3A5E-4522-9148-642A3F240474}.Debug|Any CPU.Build.0 = Debug|Any CPU
		{6BCEDAE7-3A5E-4522-9148-642A3F240474}.Debug|Any CPU.Deploy.0 = Debug|Any CPU
		{6BCEDAE7-3A5E-4522-9148-642A3F240474}.Release|Any CPU.ActiveCfg = Release|Any CPU
		{6BCEDAE7-3A5E-4522-9148-642A3F240474}.Release|Any CPU.Build.0 = Release|Any CPU
		{6BCEDAE7-3A5E-4522-9148-642A3F240474}.Release|Any CPU.Deploy.0 = Release|Any CPU
	EndGlobalSection
	GlobalSection(SolutionProperties) = preSolution
		HideSolutionNode = FALSE
	EndGlobalSection
	GlobalSection(ExtensibilityGlobals) = postSolution
		SolutionGuid = {5ED94C4A-A6CA-49BD-86E3-EB2B4657CA6D}
	EndGlobalSection
EndGlobal
